
Microsoft Visual Studio Solution File, Format Version 12.00
# Visual Studio Version 17
VisualStudioVersion = 17.0.31919.166
MinimumVisualStudioVersion = 10.0.40219.1
Project("{9A19103F-16F7-4668-BE54-9A1E7A4F7556}") = "StockService", "StockService\StockService.csproj", "{CC86A5BA-ED32-414D-BBDD-8082598EB47D}"
EndProject
Project("{9A19103F-16F7-4668-BE54-9A1E7A4F7556}") = "CatalogService", "CatalogService\CatalogService.csproj", "{59CD9D84-692D-40CB-9410-F69EF79D38C3}"
EndProject
Project("{FAE04EC0-301F-11D3-BF4B-00C04F79EFBC}") = "BasketService", "BasketService\BasketService.csproj", "{AFB31B95-2102-4DD8-AE16-9424414341E8}"
EndProject
Global
	GlobalSection(SolutionConfigurationPlatforms) = preSolution
		Debug|Any CPU = Debug|Any CPU
		Release|Any CPU = Release|Any CPU
	EndGlobalSection
	GlobalSection(ProjectConfigurationPlatforms) = postSolution
		{CC86A5BA-ED32-414D-BBDD-8082598EB47D}.Debug|Any CPU.ActiveCfg = Debug|Any CPU
		{CC86A5BA-ED32-414D-BBDD-8082598EB47D}.Debug|Any CPU.Build.0 = Debug|Any CPU
		{CC86A5BA-ED32-414D-BBDD-8082598EB47D}.Release|Any CPU.ActiveCfg = Release|Any CPU
		{CC86A5BA-ED32-414D-BBDD-8082598EB47D}.Release|Any CPU.Build.0 = Release|Any CPU
		{59CD9D84-692D-40CB-9410-F69EF79D38C3}.Debug|Any CPU.ActiveCfg = Debug|Any CPU
		{59CD9D84-692D-40CB-9410-F69EF79D38C3}.Debug|Any CPU.Build.0 = Debug|Any CPU
		{59CD9D84-692D-40CB-9410-F69EF79D38C3}.Release|Any CPU.ActiveCfg = Release|Any CPU
		{59CD9D84-692D-40CB-9410-F69EF79D38C3}.Release|Any CPU.Build.0 = Release|Any CPU
		{AFB31B95-2102-4DD8-AE16-9424414341E8}.Debug|Any CPU.ActiveCfg = Debug|Any CPU
		{AFB31B95-2102-4DD8-AE16-9424414341E8}.Debug|Any CPU.Build.0 = Debug|Any CPU
		{AFB31B95-2102-4DD8-AE16-9424414341E8}.Release|Any CPU.ActiveCfg = Release|Any CPU
		{AFB31B95-2102-4DD8-AE16-9424414341E8}.Release|Any CPU.Build.0 = Release|Any CPU
	EndGlobalSection
	GlobalSection(SolutionProperties) = preSolution
		HideSolutionNode = FALSE
	EndGlobalSection
	GlobalSection(ExtensibilityGlobals) = postSolution
		SolutionGuid = {14ABD648-BCF3-4C9B-B82C-E1E020E560D4}
	EndGlobalSection
EndGlobal
